// !$*UTF8*$!
{
	archiveVersion = 1;
	classes = {
	};
	objectVersion = 55;
	objects = {

/* Begin PBXBuildFile section */
		D568A38727315D4C00748FCC /* MapView.swift in Sources */ = {isa = PBXBuildFile; fileRef = D568A38627315D4C00748FCC /* MapView.swift */; };
		D568A3892731617B00748FCC /* CenterCircleView.swift in Sources */ = {isa = PBXBuildFile; fileRef = D568A3882731617B00748FCC /* CenterCircleView.swift */; };
		D568A38F2731650D00748FCC /* MKPointAnnotation+ObservableObject.swift in Sources */ = {isa = PBXBuildFile; fileRef = D568A38E2731650D00748FCC /* MKPointAnnotation+ObservableObject.swift */; };
		D568A3912731663E00748FCC /* CodableMKPointAnnotation.swift in Sources */ = {isa = PBXBuildFile; fileRef = D568A3902731663E00748FCC /* CodableMKPointAnnotation.swift */; };
		D568A39327316B3500748FCC /* LocationFetcher.swift in Sources */ = {isa = PBXBuildFile; fileRef = D568A39227316B3500748FCC /* LocationFetcher.swift */; };
		D5D6110F2730198000F6B33B /* FriendsContactApp.swift in Sources */ = {isa = PBXBuildFile; fileRef = D5D6110E2730198000F6B33B /* FriendsContactApp.swift */; };
		D5D611112730198000F6B33B /* ContentView.swift in Sources */ = {isa = PBXBuildFile; fileRef = D5D611102730198000F6B33B /* ContentView.swift */; };
		D5D611132730198400F6B33B /* Assets.xcassets in Resources */ = {isa = PBXBuildFile; fileRef = D5D611122730198400F6B33B /* Assets.xcassets */; };
		D5D611162730198400F6B33B /* Preview Assets.xcassets in Resources */ = {isa = PBXBuildFile; fileRef = D5D611152730198400F6B33B /* Preview Assets.xcassets */; };
		D5D611182730198400F6B33B /* Persistence.swift in Sources */ = {isa = PBXBuildFile; fileRef = D5D611172730198400F6B33B /* Persistence.swift */; };
		D5D6111B2730198400F6B33B /* FriendsContact.xcdatamodeld in Sources */ = {isa = PBXBuildFile; fileRef = D5D611192730198400F6B33B /* FriendsContact.xcdatamodeld */; };
		D5D6112227301AA600F6B33B /* ImagePicker.swift in Sources */ = {isa = PBXBuildFile; fileRef = D5D6112127301AA600F6B33B /* ImagePicker.swift */; };
		D5D6112427301F7600F6B33B /* AddView.swift in Sources */ = {isa = PBXBuildFile; fileRef = D5D6112327301F7600F6B33B /* AddView.swift */; };
		D5D611272730259900F6B33B /* Friend+CoreDataClass.swift in Sources */ = {isa = PBXBuildFile; fileRef = D5D611252730259900F6B33B /* Friend+CoreDataClass.swift */; };
		D5D6112A2730267800F6B33B /* FileManager+Extension.swift in Sources */ = {isa = PBXBuildFile; fileRef = D5D611292730267800F6B33B /* FileManager+Extension.swift */; };
		D5D6112E2730273E00F6B33B /* Friend+CoreDataProperties.swift in Sources */ = {isa = PBXBuildFile; fileRef = D5D6112D2730273E00F6B33B /* Friend+CoreDataProperties.swift */; };
		D5D6113227302E4200F6B33B /* DetailView.swift in Sources */ = {isa = PBXBuildFile; fileRef = D5D6113127302E4200F6B33B /* DetailView.swift */; };
/* End PBXBuildFile section */

/* Begin PBXFileReference section */
		D568A38627315D4C00748FCC /* MapView.swift */ = {isa = PBXFileReference; lastKnownFileType = sourcecode.swift; path = MapView.swift; sourceTree = "<group>"; };
		D568A3882731617B00748FCC /* CenterCircleView.swift */ = {isa = PBXFileReference; lastKnownFileType = sourcecode.swift; path = CenterCircleView.swift; sourceTree = "<group>"; };
		D568A38E2731650D00748FCC /* MKPointAnnotation+ObservableObject.swift */ = {isa = PBXFileReference; lastKnownFileType = sourcecode.swift; path = "MKPointAnnotation+ObservableObject.swift"; sourceTree = "<group>"; };
		D568A3902731663E00748FCC /* CodableMKPointAnnotation.swift */ = {isa = PBXFileReference; lastKnownFileType = sourcecode.swift; path = CodableMKPointAnnotation.swift; sourceTree = "<group>"; };
		D568A39227316B3500748FCC /* LocationFetcher.swift */ = {isa = PBXFileReference; lastKnownFileType = sourcecode.swift; path = LocationFetcher.swift; sourceTree = "<group>"; };
		D5D6110B2730198000F6B33B /* FriendsContact.app */ = {isa = PBXFileReference; explicitFileType = wrapper.application; includeInIndex = 0; path = FriendsContact.app; sourceTree = BUILT_PRODUCTS_DIR; };
		D5D6110E2730198000F6B33B /* FriendsContactApp.swift */ = {isa = PBXFileReference; lastKnownFileType = sourcecode.swift; path = FriendsContactApp.swift; sourceTree = "<group>"; };
		D5D611102730198000F6B33B /* ContentView.swift */ = {isa = PBXFileReference; lastKnownFileType = sourcecode.swift; path = ContentView.swift; sourceTree = "<group>"; };
		D5D611122730198400F6B33B /* Assets.xcassets */ = {isa = PBXFileReference; lastKnownFileType = folder.assetcatalog; path = Assets.xcassets; sourceTree = "<group>"; };
		D5D611152730198400F6B33B /* Preview Assets.xcassets */ = {isa = PBXFileReference; lastKnownFileType = folder.assetcatalog; path = "Preview Assets.xcassets"; sourceTree = "<group>"; };
		D5D611172730198400F6B33B /* Persistence.swift */ = {isa = PBXFileReference; lastKnownFileType = sourcecode.swift; path = Persistence.swift; sourceTree = "<group>"; };
		D5D6111A2730198400F6B33B /* FriendsContact.xcdatamodel */ = {isa = PBXFileReference; lastKnownFileType = wrapper.xcdatamodel; path = FriendsContact.xcdatamodel; sourceTree = "<group>"; };
		D5D6112127301AA600F6B33B /* ImagePicker.swift */ = {isa = PBXFileReference; lastKnownFileType = sourcecode.swift; path = ImagePicker.swift; sourceTree = "<group>"; };
		D5D6112327301F7600F6B33B /* AddView.swift */ = {isa = PBXFileReference; lastKnownFileType = sourcecode.swift; path = AddView.swift; sourceTree = "<group>"; };
		D5D611252730259900F6B33B /* Friend+CoreDataClass.swift */ = {isa = PBXFileReference; lastKnownFileType = sourcecode.swift; path = "Friend+CoreDataClass.swift"; sourceTree = SOURCE_ROOT; };
		D5D611292730267800F6B33B /* FileManager+Extension.swift */ = {isa = PBXFileReference; lastKnownFileType = sourcecode.swift; path = "FileManager+Extension.swift"; sourceTree = "<group>"; };
		D5D6112D2730273E00F6B33B /* Friend+CoreDataProperties.swift */ = {isa = PBXFileReference; lastKnownFileType = sourcecode.swift; path = "Friend+CoreDataProperties.swift"; sourceTree = SOURCE_ROOT; };
		D5D6113127302E4200F6B33B /* DetailView.swift */ = {isa = PBXFileReference; lastKnownFileType = sourcecode.swift; path = DetailView.swift; sourceTree = "<group>"; };
/* End PBXFileReference section */

/* Begin PBXFrameworksBuildPhase section */
		D5D611082730198000F6B33B /* Frameworks */ = {
			isa = PBXFrameworksBuildPhase;
			buildActionMask = 2147483647;
			files = (
			);
			runOnlyForDeploymentPostprocessing = 0;
		};
/* End PBXFrameworksBuildPhase section */

/* Begin PBXGroup section */
		D5D611022730198000F6B33B = {
			isa = PBXGroup;
			children = (
				D5D6110D2730198000F6B33B /* FriendsContact */,
				D5D6110C2730198000F6B33B /* Products */,
			);
			sourceTree = "<group>";
		};
		D5D6110C2730198000F6B33B /* Products */ = {
			isa = PBXGroup;
			children = (
				D5D6110B2730198000F6B33B /* FriendsContact.app */,
			);
			name = Products;
			sourceTree = "<group>";
		};
		D5D6110D2730198000F6B33B /* FriendsContact */ = {
			isa = PBXGroup;
			children = (
				D5D6112D2730273E00F6B33B /* Friend+CoreDataProperties.swift */,
				D5D611252730259900F6B33B /* Friend+CoreDataClass.swift */,
				D5D611292730267800F6B33B /* FileManager+Extension.swift */,
				D5D6110E2730198000F6B33B /* FriendsContactApp.swift */,
				D5D611102730198000F6B33B /* ContentView.swift */,
				D5D6112327301F7600F6B33B /* AddView.swift */,
				D568A39227316B3500748FCC /* LocationFetcher.swift */,
				D568A38E2731650D00748FCC /* MKPointAnnotation+ObservableObject.swift */,
				D568A3902731663E00748FCC /* CodableMKPointAnnotation.swift */,
				D5D6113127302E4200F6B33B /* DetailView.swift */,
				D5D6112127301AA600F6B33B /* ImagePicker.swift */,
				D568A38627315D4C00748FCC /* MapView.swift */,
				D568A3882731617B00748FCC /* CenterCircleView.swift */,
				D5D611122730198400F6B33B /* Assets.xcassets */,
				D5D611172730198400F6B33B /* Persistence.swift */,
				D5D611192730198400F6B33B /* FriendsContact.xcdatamodeld */,
				D5D611142730198400F6B33B /* Preview Content */,
			);
			path = FriendsContact;
			sourceTree = "<group>";
		};
		D5D611142730198400F6B33B /* Preview Content */ = {
			isa = PBXGroup;
			children = (
				D5D611152730198400F6B33B /* Preview Assets.xcassets */,
			);
			path = "Preview Content";
			sourceTree = "<group>";
		};
/* End PBXGroup section */

/* Begin PBXNativeTarget section */
		D5D6110A2730198000F6B33B /* FriendsContact */ = {
			isa = PBXNativeTarget;
			buildConfigurationList = D5D6111E2730198400F6B33B /* Build configuration list for PBXNativeTarget "FriendsContact" */;
			buildPhases = (
				D5D611072730198000F6B33B /* Sources */,
				D5D611082730198000F6B33B /* Frameworks */,
				D5D611092730198000F6B33B /* Resources */,
			);
			buildRules = (
			);
			dependencies = (
			);
			name = FriendsContact;
			productName = FriendsContact;
			productReference = D5D6110B2730198000F6B33B /* FriendsContact.app */;
			productType = "com.apple.product-type.application";
		};
/* End PBXNativeTarget section */

/* Begin PBXProject section */
		D5D611032730198000F6B33B /* Project object */ = {
			isa = PBXProject;
			attributes = {
				BuildIndependentTargetsInParallel = 1;
				LastSwiftUpdateCheck = 1300;
				LastUpgradeCheck = 1300;
				TargetAttributes = {
					D5D6110A2730198000F6B33B = {
						CreatedOnToolsVersion = 13.0;
					};
				};
			};
			buildConfigurationList = D5D611062730198000F6B33B /* Build configuration list for PBXProject "FriendsContact" */;
			compatibilityVersion = "Xcode 13.0";
			developmentRegion = en;
			hasScannedForEncodings = 0;
			knownRegions = (
				en,
				Base,
			);
			mainGroup = D5D611022730198000F6B33B;
			productRefGroup = D5D6110C2730198000F6B33B /* Products */;
			projectDirPath = "";
			projectRoot = "";
			targets = (
				D5D6110A2730198000F6B33B /* FriendsContact */,
			);
		};
/* End PBXProject section */

/* Begin PBXResourcesBuildPhase section */
		D5D611092730198000F6B33B /* Resources */ = {
			isa = PBXResourcesBuildPhase;
			buildActionMask = 2147483647;
			files = (
				D5D611162730198400F6B33B /* Preview Assets.xcassets in Resources */,
				D5D611132730198400F6B33B /* Assets.xcassets in Resources */,
			);
			runOnlyForDeploymentPostprocessing = 0;
		};
/* End PBXResourcesBuildPhase section */

/* Begin PBXSourcesBuildPhase section */
		D5D611072730198000F6B33B /* Sources */ = {
			isa = PBXSourcesBuildPhase;
			buildActionMask = 2147483647;
			files = (
				D568A3912731663E00748FCC /* CodableMKPointAnnotation.swift in Sources */,
				D5D611182730198400F6B33B /* Persistence.swift in Sources */,
				D568A38F2731650D00748FCC /* MKPointAnnotation+ObservableObject.swift in Sources */,
				D5D611112730198000F6B33B /* ContentView.swift in Sources */,
				D5D6112E2730273E00F6B33B /* Friend+CoreDataProperties.swift in Sources */,
				D568A3892731617B00748FCC /* CenterCircleView.swift in Sources */,
				D568A38727315D4C00748FCC /* MapView.swift in Sources */,
				D5D6113227302E4200F6B33B /* DetailView.swift in Sources */,
				D5D6112427301F7600F6B33B /* AddView.swift in Sources */,
				D568A39327316B3500748FCC /* LocationFetcher.swift in Sources */,
				D5D6112227301AA600F6B33B /* ImagePicker.swift in Sources */,
				D5D6111B2730198400F6B33B /* FriendsContact.xcdatamodeld in Sources */,
				D5D611272730259900F6B33B /* Friend+CoreDataClass.swift in Sources */,
				D5D6110F2730198000F6B33B /* FriendsContactApp.swift in Sources */,
				D5D6112A2730267800F6B33B /* FileManager+Extension.swift in Sources */,
			);
			runOnlyForDeploymentPostprocessing = 0;
		};
/* End PBXSourcesBuildPhase section */

/* Begin XCBuildConfiguration section */
		D5D6111C2730198400F6B33B /* Debug */ = {
			isa = XCBuildConfiguration;
			buildSettings = {
				ALWAYS_SEARCH_USER_PATHS = NO;
				CLANG_ANALYZER_NONNULL = YES;
				CLANG_ANALYZER_NUMBER_OBJECT_CONVERSION = YES_AGGRESSIVE;
				CLANG_CXX_LANGUAGE_STANDARD = "gnu++17";
				CLANG_CXX_LIBRARY = "libc++";
				CLANG_ENABLE_MODULES = YES;
				CLANG_ENABLE_OBJC_ARC = YES;
				CLANG_ENABLE_OBJC_WEAK = YES;
				CLANG_WARN_BLOCK_CAPTURE_AUTORELEASING = YES;
				CLANG_WARN_BOOL_CONVERSION = YES;
				CLANG_WARN_COMMA = YES;
				CLANG_WARN_CONSTANT_CONVERSION = YES;
				CLANG_WARN_DEPRECATED_OBJC_IMPLEMENTATIONS = YES;
				CLANG_WARN_DIRECT_OBJC_ISA_USAGE = YES_ERROR;
				CLANG_WARN_DOCUMENTATION_COMMENTS = YES;
				CLANG_WARN_EMPTY_BODY = YES;
				CLANG_WARN_ENUM_CONVERSION = YES;
				CLANG_WARN_INFINITE_RECURSION = YES;
				CLANG_WARN_INT_CONVERSION = YES;
				CLANG_WARN_NON_LITERAL_NULL_CONVERSION = YES;
				CLANG_WARN_OBJC_IMPLICIT_RETAIN_SELF = YES;
				CLANG_WARN_OBJC_LITERAL_CONVERSION = YES;
				CLANG_WARN_OBJC_ROOT_CLASS = YES_ERROR;
				CLANG_WARN_QUOTED_INCLUDE_IN_FRAMEWORK_HEADER = YES;
				CLANG_WARN_RANGE_LOOP_ANALYSIS = YES;
				CLANG_WARN_STRICT_PROTOTYPES = YES;
				CLANG_WARN_SUSPICIOUS_MOVE = YES;
				CLANG_WARN_UNGUARDED_AVAILABILITY = YES_AGGRESSIVE;
				CLANG_WARN_UNREACHABLE_CODE = YES;
				CLANG_WARN__DUPLICATE_METHOD_MATCH = YES;
				COPY_PHASE_STRIP = NO;
				DEBUG_INFORMATION_FORMAT = dwarf;
				ENABLE_STRICT_OBJC_MSGSEND = YES;
				ENABLE_TESTABILITY = YES;
				GCC_C_LANGUAGE_STANDARD = gnu11;
				GCC_DYNAMIC_NO_PIC = NO;
				GCC_NO_COMMON_BLOCKS = YES;
				GCC_OPTIMIZATION_LEVEL = 0;
				GCC_PREPROCESSOR_DEFINITIONS = (
					"DEBUG=1",
					"$(inherited)",
				);
				GCC_WARN_64_TO_32_BIT_CONVERSION = YES;
				GCC_WARN_ABOUT_RETURN_TYPE = YES_ERROR;
				GCC_WARN_UNDECLARED_SELECTOR = YES;
				GCC_WARN_UNINITIALIZED_AUTOS = YES_AGGRESSIVE;
				GCC_WARN_UNUSED_FUNCTION = YES;
				GCC_WARN_UNUSED_VARIABLE = YES;
				IPHONEOS_DEPLOYMENT_TARGET = 15.0;
				MTL_ENABLE_DEBUG_INFO = INCLUDE_SOURCE;
				MTL_FAST_MATH = YES;
				ONLY_ACTIVE_ARCH = YES;
				SDKROOT = iphoneos;
				SWIFT_ACTIVE_COMPILATION_CONDITIONS = DEBUG;
				SWIFT_OPTIMIZATION_LEVEL = "-Onone";
			};
			name = Debug;
		};
		D5D6111D2730198400F6B33B /* Release */ = {
			isa = XCBuildConfiguration;
			buildSettings = {
				ALWAYS_SEARCH_USER_PATHS = NO;
				CLANG_ANALYZER_NONNULL = YES;
				CLANG_ANALYZER_NUMBER_OBJECT_CONVERSION = YES_AGGRESSIVE;
				CLANG_CXX_LANGUAGE_STANDARD = "gnu++17";
				CLANG_CXX_LIBRARY = "libc++";
				CLANG_ENABLE_MODULES = YES;
				CLANG_ENABLE_OBJC_ARC = YES;
				CLANG_ENABLE_OBJC_WEAK = YES;
				CLANG_WARN_BLOCK_CAPTURE_AUTORELEASING = YES;
				CLANG_WARN_BOOL_CONVERSION = YES;
				CLANG_WARN_COMMA = YES;
				CLANG_WARN_CONSTANT_CONVERSION = YES;
				CLANG_WARN_DEPRECATED_OBJC_IMPLEMENTATIONS = YES;
				CLANG_WARN_DIRECT_OBJC_ISA_USAGE = YES_ERROR;
				CLANG_WARN_DOCUMENTATION_COMMENTS = YES;
				CLANG_WARN_EMPTY_BODY = YES;
				CLANG_WARN_ENUM_CONVERSION = YES;
				CLANG_WARN_INFINITE_RECURSION = YES;
				CLANG_WARN_INT_CONVERSION = YES;
				CLANG_WARN_NON_LITERAL_NULL_CONVERSION = YES;
				CLANG_WARN_OBJC_IMPLICIT_RETAIN_SELF = YES;
				CLANG_WARN_OBJC_LITERAL_CONVERSION = YES;
				CLANG_WARN_OBJC_ROOT_CLASS = YES_ERROR;
				CLANG_WARN_QUOTED_INCLUDE_IN_FRAMEWORK_HEADER = YES;
				CLANG_WARN_RANGE_LOOP_ANALYSIS = YES;
				CLANG_WARN_STRICT_PROTOTYPES = YES;
				CLANG_WARN_SUSPICIOUS_MOVE = YES;
				CLANG_WARN_UNGUARDED_AVAILABILITY = YES_AGGRESSIVE;
				CLANG_WARN_UNREACHABLE_CODE = YES;
				CLANG_WARN__DUPLICATE_METHOD_MATCH = YES;
				COPY_PHASE_STRIP = NO;
				DEBUG_INFORMATION_FORMAT = "dwarf-with-dsym";
				ENABLE_NS_ASSERTIONS = NO;
				ENABLE_STRICT_OBJC_MSGSEND = YES;
				GCC_C_LANGUAGE_STANDARD = gnu11;
				GCC_NO_COMMON_BLOCKS = YES;
				GCC_WARN_64_TO_32_BIT_CONVERSION = YES;
				GCC_WARN_ABOUT_RETURN_TYPE = YES_ERROR;
				GCC_WARN_UNDECLARED_SELECTOR = YES;
				GCC_WARN_UNINITIALIZED_AUTOS = YES_AGGRESSIVE;
				GCC_WARN_UNUSED_FUNCTION = YES;
				GCC_WARN_UNUSED_VARIABLE = YES;
				IPHONEOS_DEPLOYMENT_TARGET = 15.0;
				MTL_ENABLE_DEBUG_INFO = NO;
				MTL_FAST_MATH = YES;
				SDKROOT = iphoneos;
				SWIFT_COMPILATION_MODE = wholemodule;
				SWIFT_OPTIMIZATION_LEVEL = "-O";
				VALIDATE_PRODUCT = YES;
			};
			name = Release;
		};
		D5D6111F2730198400F6B33B /* Debug */ = {
			isa = XCBuildConfiguration;
			buildSettings = {
				ASSETCATALOG_COMPILER_APPICON_NAME = AppIcon;
				ASSETCATALOG_COMPILER_GLOBAL_ACCENT_COLOR_NAME = AccentColor;
				CODE_SIGN_STYLE = Automatic;
				CURRENT_PROJECT_VERSION = 1;
				DEVELOPMENT_ASSET_PATHS = "\"FriendsContact/Preview Content\"";
				DEVELOPMENT_TEAM = Q76375S8R8;
				ENABLE_PREVIEWS = YES;
				GENERATE_INFOPLIST_FILE = YES;
				INFOPLIST_KEY_NSLocationWhenInUseUsageDescription = "Read location when register friends";
				INFOPLIST_KEY_UIApplicationSceneManifest_Generation = YES;
				INFOPLIST_KEY_UIApplicationSupportsIndirectInputEvents = YES;
				INFOPLIST_KEY_UILaunchScreen_Generation = YES;
				INFOPLIST_KEY_UISupportedInterfaceOrientations_iPad = "UIInterfaceOrientationPortrait UIInterfaceOrientationPortraitUpsideDown UIInterfaceOrientationLandscapeLeft UIInterfaceOrientationLandscapeRight";
				INFOPLIST_KEY_UISupportedInterfaceOrientations_iPhone = "UIInterfaceOrientationPortrait UIInterfaceOrientationLandscapeLeft UIInterfaceOrientationLandscapeRight";
				IPHONEOS_DEPLOYMENT_TARGET = 14.0;
				LD_RUNPATH_SEARCH_PATHS = (
					"$(inherited)",
					"@executable_path/Frameworks",
				);
				MARKETING_VERSION = 1.0;
				PRODUCT_BUNDLE_IDENTIFIER = io.github.hevawu.FriendsContact;
				PRODUCT_NAME = "$(TARGET_NAME)";
				SWIFT_EMIT_LOC_STRINGS = YES;
				SWIFT_VERSION = 5.0;
				TARGETED_DEVICE_FAMILY = "1,2";
			};
			name = Debug;
		};
		D5D611202730198400F6B33B /* Release */ = {
			isa = XCBuildConfiguration;
			buildSettings = {
				ASSETCATALOG_COMPILER_APPICON_NAME = AppIcon;
				ASSETCATALOG_COMPILER_GLOBAL_ACCENT_COLOR_NAME = AccentColor;
				CODE_SIGN_STYLE = Automatic;
				CURRENT_PROJECT_VERSION = 1;
				DEVELOPMENT_ASSET_PATHS = "\"FriendsContact/Preview Content\"";
				DEVELOPMENT_TEAM = Q76375S8R8;
				ENABLE_PREVIEWS = YES;
				GENERATE_INFOPLIST_FILE = YES;
				INFOPLIST_KEY_NSLocationWhenInUseUsageDescription = "Read location when register friends";
				INFOPLIST_KEY_UIApplicationSceneManifest_Generation = YES;
				INFOPLIST_KEY_UIApplicationSupportsIndirectInputEvents = YES;
				INFOPLIST_KEY_UILaunchScreen_Generation = YES;
				INFOPLIST_KEY_UISupportedInterfaceOrientations_iPad = "UIInterfaceOrientationPortrait UIInterfaceOrientationPortraitUpsideDown UIInterfaceOrientationLandscapeLeft UIInterfaceOrientationLandscapeRight";
				INFOPLIST_KEY_UISupportedInterfaceOrientations_iPhone = "UIInterfaceOrientationPortrait UIInterfaceOrientationLandscapeLeft UIInterfaceOrientationLandscapeRight";
				IPHONEOS_DEPLOYMENT_TARGET = 14.0;
				LD_RUNPATH_SEARCH_PATHS = (
					"$(inherited)",
					"@executable_path/Frameworks",
				);
				MARKETING_VERSION = 1.0;
				PRODUCT_BUNDLE_IDENTIFIER = io.github.hevawu.FriendsContact;
				PRODUCT_NAME = "$(TARGET_NAME)";
				SWIFT_EMIT_LOC_STRINGS = YES;
				SWIFT_VERSION = 5.0;
				TARGETED_DEVICE_FAMILY = "1,2";
			};
			name = Release;
		};
/* End XCBuildConfiguration section */

/* Begin XCConfigurationList section */
		D5D611062730198000F6B33B /* Build configuration list for PBXProject "FriendsContact" */ = {
			isa = XCConfigurationList;
			buildConfigurations = (
				D5D6111C2730198400F6B33B /* Debug */,
				D5D6111D2730198400F6B33B /* Release */,
			);
			defaultConfigurationIsVisible = 0;
			defaultConfigurationName = Release;
		};
		D5D6111E2730198400F6B33B /* Build configuration list for PBXNativeTarget "FriendsContact" */ = {
			isa = XCConfigurationList;
			buildConfigurations = (
				D5D6111F2730198400F6B33B /* Debug */,
				D5D611202730198400F6B33B /* Release */,
			);
			defaultConfigurationIsVisible = 0;
			defaultConfigurationName = Release;
		};
/* End XCConfigurationList section */

/* Begin XCVersionGroup section */
		D5D611192730198400F6B33B /* FriendsContact.xcdatamodeld */ = {
			isa = XCVersionGroup;
			children = (
				D5D6111A2730198400F6B33B /* FriendsContact.xcdatamodel */,
			);
			currentVersion = D5D6111A2730198400F6B33B /* FriendsContact.xcdatamodel */;
			path = FriendsContact.xcdatamodeld;
			sourceTree = "<group>";
			versionGroupType = wrapper.xcdatamodel;
		};
/* End XCVersionGroup section */
	};
	rootObject = D5D611032730198000F6B33B /* Project object */;
}
